// !$*UTF8*$!
{
	archiveVersion = 1;
	classes = {
	};
	objectVersion = 50;
	objects = {

/* Begin PBXBuildFile section */
		3786068D22AC556500C9F0BA /* OpenWeatherApi.swift in Sources */ = {isa = PBXBuildFile; fileRef = 3786068C22AC556500C9F0BA /* OpenWeatherApi.swift */; };
		3786069122AC596E00C9F0BA /* Logger.swift in Sources */ = {isa = PBXBuildFile; fileRef = 3786069022AC596E00C9F0BA /* Logger.swift */; };
		3786069322AC862E00C9F0BA /* FiveDayCityForecast.swift in Sources */ = {isa = PBXBuildFile; fileRef = 3786069222AC862E00C9F0BA /* FiveDayCityForecast.swift */; };
		37960BC322AD8DBC007DAED2 /* FiveDayTableViewController.swift in Sources */ = {isa = PBXBuildFile; fileRef = 37960BC222AD8DBC007DAED2 /* FiveDayTableViewController.swift */; };
		37F3F97522AC0A64007886D5 /* AppDelegate.swift in Sources */ = {isa = PBXBuildFile; fileRef = 37F3F97422AC0A64007886D5 /* AppDelegate.swift */; };
		37F3F97722AC0A64007886D5 /* WeatherViewController.swift in Sources */ = {isa = PBXBuildFile; fileRef = 37F3F97622AC0A64007886D5 /* WeatherViewController.swift */; };
		37F3F97922AC0A64007886D5 /* LocationsViewController.swift in Sources */ = {isa = PBXBuildFile; fileRef = 37F3F97822AC0A64007886D5 /* LocationsViewController.swift */; };
		37F3F97C22AC0A64007886D5 /* Main.storyboard in Resources */ = {isa = PBXBuildFile; fileRef = 37F3F97A22AC0A64007886D5 /* Main.storyboard */; };
		37F3F97E22AC0A65007886D5 /* Assets.xcassets in Resources */ = {isa = PBXBuildFile; fileRef = 37F3F97D22AC0A65007886D5 /* Assets.xcassets */; };
		37F3F98122AC0A65007886D5 /* LaunchScreen.storyboard in Resources */ = {isa = PBXBuildFile; fileRef = 37F3F97F22AC0A65007886D5 /* LaunchScreen.storyboard */; };
		37F3F98C22AC0A65007886D5 /* gozio_weatherTests.swift in Sources */ = {isa = PBXBuildFile; fileRef = 37F3F98B22AC0A65007886D5 /* gozio_weatherTests.swift */; };
		37F3F99722AC0A65007886D5 /* gozio_weatherUITests.swift in Sources */ = {isa = PBXBuildFile; fileRef = 37F3F99622AC0A65007886D5 /* gozio_weatherUITests.swift */; };
		A701D07885074D15C71B00A4 /* Pods_gozio_weather.framework in Frameworks */ = {isa = PBXBuildFile; fileRef = C9CAFBFA2B6AD05B182DFCC9 /* Pods_gozio_weather.framework */; };
/* End PBXBuildFile section */

/* Begin PBXContainerItemProxy section */
		37F3F98822AC0A65007886D5 /* PBXContainerItemProxy */ = {
			isa = PBXContainerItemProxy;
			containerPortal = 37F3F96922AC0A64007886D5 /* Project object */;
			proxyType = 1;
			remoteGlobalIDString = 37F3F97022AC0A64007886D5;
			remoteInfo = "gozio-weather";
		};
		37F3F99322AC0A65007886D5 /* PBXContainerItemProxy */ = {
			isa = PBXContainerItemProxy;
			containerPortal = 37F3F96922AC0A64007886D5 /* Project object */;
			proxyType = 1;
			remoteGlobalIDString = 37F3F97022AC0A64007886D5;
			remoteInfo = "gozio-weather";
		};
/* End PBXContainerItemProxy section */

/* Begin PBXFileReference section */
		3786068C22AC556500C9F0BA /* OpenWeatherApi.swift */ = {isa = PBXFileReference; lastKnownFileType = sourcecode.swift; path = OpenWeatherApi.swift; sourceTree = "<group>"; };
		3786069022AC596E00C9F0BA /* Logger.swift */ = {isa = PBXFileReference; fileEncoding = 4; lastKnownFileType = sourcecode.swift; path = Logger.swift; sourceTree = "<group>"; };
		3786069222AC862E00C9F0BA /* FiveDayCityForecast.swift */ = {isa = PBXFileReference; lastKnownFileType = sourcecode.swift; path = FiveDayCityForecast.swift; sourceTree = "<group>"; };
		37960BC222AD8DBC007DAED2 /* FiveDayTableViewController.swift */ = {isa = PBXFileReference; lastKnownFileType = sourcecode.swift; path = FiveDayTableViewController.swift; sourceTree = "<group>"; };
		37F3F97122AC0A64007886D5 /* gozio-weather.app */ = {isa = PBXFileReference; explicitFileType = wrapper.application; includeInIndex = 0; path = "gozio-weather.app"; sourceTree = BUILT_PRODUCTS_DIR; };
		37F3F97422AC0A64007886D5 /* AppDelegate.swift */ = {isa = PBXFileReference; lastKnownFileType = sourcecode.swift; path = AppDelegate.swift; sourceTree = "<group>"; };
		37F3F97622AC0A64007886D5 /* WeatherViewController.swift */ = {isa = PBXFileReference; lastKnownFileType = sourcecode.swift; path = WeatherViewController.swift; sourceTree = "<group>"; };
		37F3F97822AC0A64007886D5 /* LocationsViewController.swift */ = {isa = PBXFileReference; lastKnownFileType = sourcecode.swift; path = LocationsViewController.swift; sourceTree = "<group>"; };
		37F3F97B22AC0A64007886D5 /* Base */ = {isa = PBXFileReference; lastKnownFileType = file.storyboard; name = Base; path = Base.lproj/Main.storyboard; sourceTree = "<group>"; };
		37F3F97D22AC0A65007886D5 /* Assets.xcassets */ = {isa = PBXFileReference; lastKnownFileType = folder.assetcatalog; path = Assets.xcassets; sourceTree = "<group>"; };
		37F3F98022AC0A65007886D5 /* Base */ = {isa = PBXFileReference; lastKnownFileType = file.storyboard; name = Base; path = Base.lproj/LaunchScreen.storyboard; sourceTree = "<group>"; };
		37F3F98222AC0A65007886D5 /* Info.plist */ = {isa = PBXFileReference; lastKnownFileType = text.plist.xml; path = Info.plist; sourceTree = "<group>"; };
		37F3F98722AC0A65007886D5 /* gozio-weatherTests.xctest */ = {isa = PBXFileReference; explicitFileType = wrapper.cfbundle; includeInIndex = 0; path = "gozio-weatherTests.xctest"; sourceTree = BUILT_PRODUCTS_DIR; };
		37F3F98B22AC0A65007886D5 /* gozio_weatherTests.swift */ = {isa = PBXFileReference; lastKnownFileType = sourcecode.swift; path = gozio_weatherTests.swift; sourceTree = "<group>"; };
		37F3F98D22AC0A65007886D5 /* Info.plist */ = {isa = PBXFileReference; lastKnownFileType = text.plist.xml; path = Info.plist; sourceTree = "<group>"; };
		37F3F99222AC0A65007886D5 /* gozio-weatherUITests.xctest */ = {isa = PBXFileReference; explicitFileType = wrapper.cfbundle; includeInIndex = 0; path = "gozio-weatherUITests.xctest"; sourceTree = BUILT_PRODUCTS_DIR; };
		37F3F99622AC0A65007886D5 /* gozio_weatherUITests.swift */ = {isa = PBXFileReference; lastKnownFileType = sourcecode.swift; path = gozio_weatherUITests.swift; sourceTree = "<group>"; };
		37F3F99822AC0A65007886D5 /* Info.plist */ = {isa = PBXFileReference; lastKnownFileType = text.plist.xml; path = Info.plist; sourceTree = "<group>"; };
		8603A389CA8148E73B8FA945 /* Pods-gozio-weather.release.xcconfig */ = {isa = PBXFileReference; includeInIndex = 1; lastKnownFileType = text.xcconfig; name = "Pods-gozio-weather.release.xcconfig"; path = "Target Support Files/Pods-gozio-weather/Pods-gozio-weather.release.xcconfig"; sourceTree = "<group>"; };
		C9CAFBFA2B6AD05B182DFCC9 /* Pods_gozio_weather.framework */ = {isa = PBXFileReference; explicitFileType = wrapper.framework; includeInIndex = 0; path = Pods_gozio_weather.framework; sourceTree = BUILT_PRODUCTS_DIR; };
		D0FD8312D30C1D80A39A478D /* Pods-gozio-weather.debug.xcconfig */ = {isa = PBXFileReference; includeInIndex = 1; lastKnownFileType = text.xcconfig; name = "Pods-gozio-weather.debug.xcconfig"; path = "Target Support Files/Pods-gozio-weather/Pods-gozio-weather.debug.xcconfig"; sourceTree = "<group>"; };
/* End PBXFileReference section */

/* Begin PBXFrameworksBuildPhase section */
		37F3F96E22AC0A64007886D5 /* Frameworks */ = {
			isa = PBXFrameworksBuildPhase;
			buildActionMask = 2147483647;
			files = (
				A701D07885074D15C71B00A4 /* Pods_gozio_weather.framework in Frameworks */,
			);
			runOnlyForDeploymentPostprocessing = 0;
		};
		37F3F98422AC0A65007886D5 /* Frameworks */ = {
			isa = PBXFrameworksBuildPhase;
			buildActionMask = 2147483647;
			files = (
			);
			runOnlyForDeploymentPostprocessing = 0;
		};
		37F3F98F22AC0A65007886D5 /* Frameworks */ = {
			isa = PBXFrameworksBuildPhase;
			buildActionMask = 2147483647;
			files = (
			);
			runOnlyForDeploymentPostprocessing = 0;
		};
/* End PBXFrameworksBuildPhase section */

/* Begin PBXGroup section */
		2B630C813547DF32C8584DD1 /* Frameworks */ = {
			isa = PBXGroup;
			children = (
				C9CAFBFA2B6AD05B182DFCC9 /* Pods_gozio_weather.framework */,
			);
			name = Frameworks;
			sourceTree = "<group>";
		};
		3786068E22AC58EF00C9F0BA /* Models */ = {
			isa = PBXGroup;
			children = (
				3786069222AC862E00C9F0BA /* FiveDayCityForecast.swift */,
			);
			path = Models;
			sourceTree = "<group>";
		};
		3786068F22AC58F800C9F0BA /* Helpers */ = {
			isa = PBXGroup;
			children = (
				3786069022AC596E00C9F0BA /* Logger.swift */,
			);
			path = Helpers;
			sourceTree = "<group>";
		};
		37F3F96822AC0A64007886D5 = {
			isa = PBXGroup;
			children = (
				37F3F97322AC0A64007886D5 /* gozio-weather */,
				37F3F98A22AC0A65007886D5 /* gozio-weatherTests */,
				37F3F99522AC0A65007886D5 /* gozio-weatherUITests */,
				37F3F97222AC0A64007886D5 /* Products */,
				BE3161160A1138EABA2A5708 /* Pods */,
				2B630C813547DF32C8584DD1 /* Frameworks */,
			);
			sourceTree = "<group>";
		};
		37F3F97222AC0A64007886D5 /* Products */ = {
			isa = PBXGroup;
			children = (
				37F3F97122AC0A64007886D5 /* gozio-weather.app */,
				37F3F98722AC0A65007886D5 /* gozio-weatherTests.xctest */,
				37F3F99222AC0A65007886D5 /* gozio-weatherUITests.xctest */,
			);
			name = Products;
			sourceTree = "<group>";
		};
		37F3F97322AC0A64007886D5 /* gozio-weather */ = {
			isa = PBXGroup;
			children = (
				3786068F22AC58F800C9F0BA /* Helpers */,
				3786068E22AC58EF00C9F0BA /* Models */,
				37F3F9A422AC0A7D007886D5 /* Controllers */,
				37F3F97422AC0A64007886D5 /* AppDelegate.swift */,
				37F3F97A22AC0A64007886D5 /* Main.storyboard */,
				37F3F97D22AC0A65007886D5 /* Assets.xcassets */,
				37F3F97F22AC0A65007886D5 /* LaunchScreen.storyboard */,
				37F3F98222AC0A65007886D5 /* Info.plist */,
			);
			path = "gozio-weather";
			sourceTree = "<group>";
		};
		37F3F98A22AC0A65007886D5 /* gozio-weatherTests */ = {
			isa = PBXGroup;
			children = (
				37F3F98B22AC0A65007886D5 /* gozio_weatherTests.swift */,
				37F3F98D22AC0A65007886D5 /* Info.plist */,
			);
			path = "gozio-weatherTests";
			sourceTree = "<group>";
		};
		37F3F99522AC0A65007886D5 /* gozio-weatherUITests */ = {
			isa = PBXGroup;
			children = (
				37F3F99622AC0A65007886D5 /* gozio_weatherUITests.swift */,
				37F3F99822AC0A65007886D5 /* Info.plist */,
			);
			path = "gozio-weatherUITests";
			sourceTree = "<group>";
		};
		37F3F9A422AC0A7D007886D5 /* Controllers */ = {
			isa = PBXGroup;
			children = (
				37F3F97622AC0A64007886D5 /* WeatherViewController.swift */,
				37F3F97822AC0A64007886D5 /* LocationsViewController.swift */,
				3786068C22AC556500C9F0BA /* OpenWeatherApi.swift */,
				37960BC222AD8DBC007DAED2 /* FiveDayTableViewController.swift */,
			);
			path = Controllers;
			sourceTree = "<group>";
		};
		BE3161160A1138EABA2A5708 /* Pods */ = {
			isa = PBXGroup;
			children = (
				D0FD8312D30C1D80A39A478D /* Pods-gozio-weather.debug.xcconfig */,
				8603A389CA8148E73B8FA945 /* Pods-gozio-weather.release.xcconfig */,
			);
			path = Pods;
			sourceTree = "<group>";
		};
/* End PBXGroup section */

/* Begin PBXNativeTarget section */
		37F3F97022AC0A64007886D5 /* gozio-weather */ = {
			isa = PBXNativeTarget;
			buildConfigurationList = 37F3F99B22AC0A65007886D5 /* Build configuration list for PBXNativeTarget "gozio-weather" */;
			buildPhases = (
				D557997DBA79EDFD37BD1BD4 /* [CP] Check Pods Manifest.lock */,
				37F3F96D22AC0A64007886D5 /* Sources */,
				37F3F96E22AC0A64007886D5 /* Frameworks */,
				37F3F96F22AC0A64007886D5 /* Resources */,
				E3AF5C9EFD7C23B5044B9D31 /* [CP] Embed Pods Frameworks */,
			);
			buildRules = (
			);
			dependencies = (
			);
			name = "gozio-weather";
			productName = "gozio-weather";
			productReference = 37F3F97122AC0A64007886D5 /* gozio-weather.app */;
			productType = "com.apple.product-type.application";
		};
		37F3F98622AC0A65007886D5 /* gozio-weatherTests */ = {
			isa = PBXNativeTarget;
			buildConfigurationList = 37F3F99E22AC0A65007886D5 /* Build configuration list for PBXNativeTarget "gozio-weatherTests" */;
			buildPhases = (
				37F3F98322AC0A65007886D5 /* Sources */,
				37F3F98422AC0A65007886D5 /* Frameworks */,
				37F3F98522AC0A65007886D5 /* Resources */,
			);
			buildRules = (
			);
			dependencies = (
				37F3F98922AC0A65007886D5 /* PBXTargetDependency */,
			);
			name = "gozio-weatherTests";
			productName = "gozio-weatherTests";
			productReference = 37F3F98722AC0A65007886D5 /* gozio-weatherTests.xctest */;
			productType = "com.apple.product-type.bundle.unit-test";
		};
		37F3F99122AC0A65007886D5 /* gozio-weatherUITests */ = {
			isa = PBXNativeTarget;
			buildConfigurationList = 37F3F9A122AC0A65007886D5 /* Build configuration list for PBXNativeTarget "gozio-weatherUITests" */;
			buildPhases = (
				37F3F98E22AC0A65007886D5 /* Sources */,
				37F3F98F22AC0A65007886D5 /* Frameworks */,
				37F3F99022AC0A65007886D5 /* Resources */,
			);
			buildRules = (
			);
			dependencies = (
				37F3F99422AC0A65007886D5 /* PBXTargetDependency */,
			);
			name = "gozio-weatherUITests";
			productName = "gozio-weatherUITests";
			productReference = 37F3F99222AC0A65007886D5 /* gozio-weatherUITests.xctest */;
			productType = "com.apple.product-type.bundle.ui-testing";
		};
/* End PBXNativeTarget section */

/* Begin PBXProject section */
		37F3F96922AC0A64007886D5 /* Project object */ = {
			isa = PBXProject;
			attributes = {
				LastSwiftUpdateCheck = 1020;
				LastUpgradeCheck = 1020;
				ORGANIZATIONNAME = "Greg Ledbetter";
				TargetAttributes = {
					37F3F97022AC0A64007886D5 = {
						CreatedOnToolsVersion = 10.2.1;
					};
					37F3F98622AC0A65007886D5 = {
						CreatedOnToolsVersion = 10.2.1;
						TestTargetID = 37F3F97022AC0A64007886D5;
					};
					37F3F99122AC0A65007886D5 = {
						CreatedOnToolsVersion = 10.2.1;
						TestTargetID = 37F3F97022AC0A64007886D5;
					};
				};
			};
			buildConfigurationList = 37F3F96C22AC0A64007886D5 /* Build configuration list for PBXProject "gozio-weather" */;
			compatibilityVersion = "Xcode 9.3";
			developmentRegion = en;
			hasScannedForEncodings = 0;
			knownRegions = (
				en,
				Base,
			);
			mainGroup = 37F3F96822AC0A64007886D5;
			productRefGroup = 37F3F97222AC0A64007886D5 /* Products */;
			projectDirPath = "";
			projectRoot = "";
			targets = (
				37F3F97022AC0A64007886D5 /* gozio-weather */,
				37F3F98622AC0A65007886D5 /* gozio-weatherTests */,
				37F3F99122AC0A65007886D5 /* gozio-weatherUITests */,
			);
		};
/* End PBXProject section */

/* Begin PBXResourcesBuildPhase section */
		37F3F96F22AC0A64007886D5 /* Resources */ = {
			isa = PBXResourcesBuildPhase;
			buildActionMask = 2147483647;
			files = (
				37F3F98122AC0A65007886D5 /* LaunchScreen.storyboard in Resources */,
				37F3F97E22AC0A65007886D5 /* Assets.xcassets in Resources */,
				37F3F97C22AC0A64007886D5 /* Main.storyboard in Resources */,
			);
			runOnlyForDeploymentPostprocessing = 0;
		};
		37F3F98522AC0A65007886D5 /* Resources */ = {
			isa = PBXResourcesBuildPhase;
			buildActionMask = 2147483647;
			files = (
			);
			runOnlyForDeploymentPostprocessing = 0;
		};
		37F3F99022AC0A65007886D5 /* Resources */ = {
			isa = PBXResourcesBuildPhase;
			buildActionMask = 2147483647;
			files = (
			);
			runOnlyForDeploymentPostprocessing = 0;
		};
/* End PBXResourcesBuildPhase section */

/* Begin PBXShellScriptBuildPhase section */
		D557997DBA79EDFD37BD1BD4 /* [CP] Check Pods Manifest.lock */ = {
			isa = PBXShellScriptBuildPhase;
			buildActionMask = 2147483647;
			files = (
			);
			inputFileListPaths = (
			);
			inputPaths = (
				"${PODS_PODFILE_DIR_PATH}/Podfile.lock",
				"${PODS_ROOT}/Manifest.lock",
			);
			name = "[CP] Check Pods Manifest.lock";
			outputFileListPaths = (
			);
			outputPaths = (
				"$(DERIVED_FILE_DIR)/Pods-gozio-weather-checkManifestLockResult.txt",
			);
			runOnlyForDeploymentPostprocessing = 0;
			shellPath = /bin/sh;
			shellScript = "diff \"${PODS_PODFILE_DIR_PATH}/Podfile.lock\" \"${PODS_ROOT}/Manifest.lock\" > /dev/null\nif [ $? != 0 ] ; then\n    # print error to STDERR\n    echo \"error: The sandbox is not in sync with the Podfile.lock. Run 'pod install' or update your CocoaPods installation.\" >&2\n    exit 1\nfi\n# This output is used by Xcode 'outputs' to avoid re-running this script phase.\necho \"SUCCESS\" > \"${SCRIPT_OUTPUT_FILE_0}\"\n";
			showEnvVarsInLog = 0;
		};
		E3AF5C9EFD7C23B5044B9D31 /* [CP] Embed Pods Frameworks */ = {
			isa = PBXShellScriptBuildPhase;
			buildActionMask = 2147483647;
			files = (
			);
			inputFileListPaths = (
			);
			inputPaths = (
				"${PODS_ROOT}/Target Support Files/Pods-gozio-weather/Pods-gozio-weather-frameworks.sh",
				"${BUILT_PRODUCTS_DIR}/CocoaLumberjack/CocoaLumberjack.framework",
				"${BUILT_PRODUCTS_DIR}/Realm/Realm.framework",
				"${BUILT_PRODUCTS_DIR}/RealmSwift/RealmSwift.framework",
				"${BUILT_PRODUCTS_DIR}/SwiftyJSON/SwiftyJSON.framework",
			);
			name = "[CP] Embed Pods Frameworks";
			outputFileListPaths = (
			);
			outputPaths = (
				"${TARGET_BUILD_DIR}/${FRAMEWORKS_FOLDER_PATH}/CocoaLumberjack.framework",
				"${TARGET_BUILD_DIR}/${FRAMEWORKS_FOLDER_PATH}/Realm.framework",
				"${TARGET_BUILD_DIR}/${FRAMEWORKS_FOLDER_PATH}/RealmSwift.framework",
				"${TARGET_BUILD_DIR}/${FRAMEWORKS_FOLDER_PATH}/SwiftyJSON.framework",
			);
			runOnlyForDeploymentPostprocessing = 0;
			shellPath = /bin/sh;
			shellScript = "\"${PODS_ROOT}/Target Support Files/Pods-gozio-weather/Pods-gozio-weather-frameworks.sh\"\n";
			showEnvVarsInLog = 0;
		};
/* End PBXShellScriptBuildPhase section */

/* Begin PBXSourcesBuildPhase section */
		37F3F96D22AC0A64007886D5 /* Sources */ = {
			isa = PBXSourcesBuildPhase;
			buildActionMask = 2147483647;
			files = (
				3786069122AC596E00C9F0BA /* Logger.swift in Sources */,
				37F3F97922AC0A64007886D5 /* LocationsViewController.swift in Sources */,
				37960BC322AD8DBC007DAED2 /* FiveDayTableViewController.swift in Sources */,
				37F3F97522AC0A64007886D5 /* AppDelegate.swift in Sources */,
				3786069322AC862E00C9F0BA /* FiveDayCityForecast.swift in Sources */,
				37F3F97722AC0A64007886D5 /* WeatherViewController.swift in Sources */,
				3786068D22AC556500C9F0BA /* OpenWeatherApi.swift in Sources */,
			);
			runOnlyForDeploymentPostprocessing = 0;
		};
		37F3F98322AC0A65007886D5 /* Sources */ = {
			isa = PBXSourcesBuildPhase;
			buildActionMask = 2147483647;
			files = (
				37F3F98C22AC0A65007886D5 /* gozio_weatherTests.swift in Sources */,
			);
			runOnlyForDeploymentPostprocessing = 0;
		};
		37F3F98E22AC0A65007886D5 /* Sources */ = {
			isa = PBXSourcesBuildPhase;
			buildActionMask = 2147483647;
			files = (
				37F3F99722AC0A65007886D5 /* gozio_weatherUITests.swift in Sources */,
			);
			runOnlyForDeploymentPostprocessing = 0;
		};
/* End PBXSourcesBuildPhase section */

/* Begin PBXTargetDependency section */
		37F3F98922AC0A65007886D5 /* PBXTargetDependency */ = {
			isa = PBXTargetDependency;
			target = 37F3F97022AC0A64007886D5 /* gozio-weather */;
			targetProxy = 37F3F98822AC0A65007886D5 /* PBXContainerItemProxy */;
		};
		37F3F99422AC0A65007886D5 /* PBXTargetDependency */ = {
			isa = PBXTargetDependency;
			target = 37F3F97022AC0A64007886D5 /* gozio-weather */;
			targetProxy = 37F3F99322AC0A65007886D5 /* PBXContainerItemProxy */;
		};
/* End PBXTargetDependency section */

/* Begin PBXVariantGroup section */
		37F3F97A22AC0A64007886D5 /* Main.storyboard */ = {
			isa = PBXVariantGroup;
			children = (
				37F3F97B22AC0A64007886D5 /* Base */,
			);
			name = Main.storyboard;
			sourceTree = "<group>";
		};
		37F3F97F22AC0A65007886D5 /* LaunchScreen.storyboard */ = {
			isa = PBXVariantGroup;
			children = (
				37F3F98022AC0A65007886D5 /* Base */,
			);
			name = LaunchScreen.storyboard;
			sourceTree = "<group>";
		};
/* End PBXVariantGroup section */

/* Begin XCBuildConfiguration section */
		37F3F99922AC0A65007886D5 /* Debug */ = {
			isa = XCBuildConfiguration;
			buildSettings = {
				ALWAYS_SEARCH_USER_PATHS = NO;
				CLANG_ANALYZER_NONNULL = YES;
				CLANG_ANALYZER_NUMBER_OBJECT_CONVERSION = YES_AGGRESSIVE;
				CLANG_CXX_LANGUAGE_STANDARD = "gnu++14";
				CLANG_CXX_LIBRARY = "libc++";
				CLANG_ENABLE_MODULES = YES;
				CLANG_ENABLE_OBJC_ARC = YES;
				CLANG_ENABLE_OBJC_WEAK = YES;
				CLANG_WARN_BLOCK_CAPTURE_AUTORELEASING = YES;
				CLANG_WARN_BOOL_CONVERSION = YES;
				CLANG_WARN_COMMA = YES;
				CLANG_WARN_CONSTANT_CONVERSION = YES;
				CLANG_WARN_DEPRECATED_OBJC_IMPLEMENTATIONS = YES;
				CLANG_WARN_DIRECT_OBJC_ISA_USAGE = YES_ERROR;
				CLANG_WARN_DOCUMENTATION_COMMENTS = YES;
				CLANG_WARN_EMPTY_BODY = YES;
				CLANG_WARN_ENUM_CONVERSION = YES;
				CLANG_WARN_INFINITE_RECURSION = YES;
				CLANG_WARN_INT_CONVERSION = YES;
				CLANG_WARN_NON_LITERAL_NULL_CONVERSION = YES;
				CLANG_WARN_OBJC_IMPLICIT_RETAIN_SELF = YES;
				CLANG_WARN_OBJC_LITERAL_CONVERSION = YES;
				CLANG_WARN_OBJC_ROOT_CLASS = YES_ERROR;
				CLANG_WARN_RANGE_LOOP_ANALYSIS = YES;
				CLANG_WARN_STRICT_PROTOTYPES = YES;
				CLANG_WARN_SUSPICIOUS_MOVE = YES;
				CLANG_WARN_UNGUARDED_AVAILABILITY = YES_AGGRESSIVE;
				CLANG_WARN_UNREACHABLE_CODE = YES;
				CLANG_WARN__DUPLICATE_METHOD_MATCH = YES;
				CODE_SIGN_IDENTITY = "iPhone Developer";
				COPY_PHASE_STRIP = NO;
				DEBUG_INFORMATION_FORMAT = dwarf;
				ENABLE_STRICT_OBJC_MSGSEND = YES;
				ENABLE_TESTABILITY = YES;
				GCC_C_LANGUAGE_STANDARD = gnu11;
				GCC_DYNAMIC_NO_PIC = NO;
				GCC_NO_COMMON_BLOCKS = YES;
				GCC_OPTIMIZATION_LEVEL = 0;
				GCC_PREPROCESSOR_DEFINITIONS = (
					"DEBUG=1",
					"$(inherited)",
				);
				GCC_WARN_64_TO_32_BIT_CONVERSION = YES;
				GCC_WARN_ABOUT_RETURN_TYPE = YES_ERROR;
				GCC_WARN_UNDECLARED_SELECTOR = YES;
				GCC_WARN_UNINITIALIZED_AUTOS = YES_AGGRESSIVE;
				GCC_WARN_UNUSED_FUNCTION = YES;
				GCC_WARN_UNUSED_VARIABLE = YES;
				IPHONEOS_DEPLOYMENT_TARGET = 12.2;
				MTL_ENABLE_DEBUG_INFO = INCLUDE_SOURCE;
				MTL_FAST_MATH = YES;
				ONLY_ACTIVE_ARCH = YES;
				SDKROOT = iphoneos;
				SWIFT_ACTIVE_COMPILATION_CONDITIONS = DEBUG;
				SWIFT_OPTIMIZATION_LEVEL = "-Onone";
			};
			name = Debug;
		};
		37F3F99A22AC0A65007886D5 /* Release */ = {
			isa = XCBuildConfiguration;
			buildSettings = {
				ALWAYS_SEARCH_USER_PATHS = NO;
				CLANG_ANALYZER_NONNULL = YES;
				CLANG_ANALYZER_NUMBER_OBJECT_CONVERSION = YES_AGGRESSIVE;
				CLANG_CXX_LANGUAGE_STANDARD = "gnu++14";
				CLANG_CXX_LIBRARY = "libc++";
				CLANG_ENABLE_MODULES = YES;
				CLANG_ENABLE_OBJC_ARC = YES;
				CLANG_ENABLE_OBJC_WEAK = YES;
				CLANG_WARN_BLOCK_CAPTURE_AUTORELEASING = YES;
				CLANG_WARN_BOOL_CONVERSION = YES;
				CLANG_WARN_COMMA = YES;
				CLANG_WARN_CONSTANT_CONVERSION = YES;
				CLANG_WARN_DEPRECATED_OBJC_IMPLEMENTATIONS = YES;
				CLANG_WARN_DIRECT_OBJC_ISA_USAGE = YES_ERROR;
				CLANG_WARN_DOCUMENTATION_COMMENTS = YES;
				CLANG_WARN_EMPTY_BODY = YES;
				CLANG_WARN_ENUM_CONVERSION = YES;
				CLANG_WARN_INFINITE_RECURSION = YES;
				CLANG_WARN_INT_CONVERSION = YES;
				CLANG_WARN_NON_LITERAL_NULL_CONVERSION = YES;
				CLANG_WARN_OBJC_IMPLICIT_RETAIN_SELF = YES;
				CLANG_WARN_OBJC_LITERAL_CONVERSION = YES;
				CLANG_WARN_OBJC_ROOT_CLASS = YES_ERROR;
				CLANG_WARN_RANGE_LOOP_ANALYSIS = YES;
				CLANG_WARN_STRICT_PROTOTYPES = YES;
				CLANG_WARN_SUSPICIOUS_MOVE = YES;
				CLANG_WARN_UNGUARDED_AVAILABILITY = YES_AGGRESSIVE;
				CLANG_WARN_UNREACHABLE_CODE = YES;
				CLANG_WARN__DUPLICATE_METHOD_MATCH = YES;
				CODE_SIGN_IDENTITY = "iPhone Developer";
				COPY_PHASE_STRIP = NO;
				DEBUG_INFORMATION_FORMAT = "dwarf-with-dsym";
				ENABLE_NS_ASSERTIONS = NO;
				ENABLE_STRICT_OBJC_MSGSEND = YES;
				GCC_C_LANGUAGE_STANDARD = gnu11;
				GCC_NO_COMMON_BLOCKS = YES;
				GCC_WARN_64_TO_32_BIT_CONVERSION = YES;
				GCC_WARN_ABOUT_RETURN_TYPE = YES_ERROR;
				GCC_WARN_UNDECLARED_SELECTOR = YES;
				GCC_WARN_UNINITIALIZED_AUTOS = YES_AGGRESSIVE;
				GCC_WARN_UNUSED_FUNCTION = YES;
				GCC_WARN_UNUSED_VARIABLE = YES;
				IPHONEOS_DEPLOYMENT_TARGET = 12.2;
				MTL_ENABLE_DEBUG_INFO = NO;
				MTL_FAST_MATH = YES;
				SDKROOT = iphoneos;
				SWIFT_COMPILATION_MODE = wholemodule;
				SWIFT_OPTIMIZATION_LEVEL = "-O";
				VALIDATE_PRODUCT = YES;
			};
			name = Release;
		};
		37F3F99C22AC0A65007886D5 /* Debug */ = {
			isa = XCBuildConfiguration;
			baseConfigurationReference = D0FD8312D30C1D80A39A478D /* Pods-gozio-weather.debug.xcconfig */;
			buildSettings = {
				ASSETCATALOG_COMPILER_APPICON_NAME = AppIcon;
				CODE_SIGN_STYLE = Automatic;
				DEVELOPMENT_TEAM = U94RLG39QP;
				INFOPLIST_FILE = "gozio-weather/Info.plist";
				LD_RUNPATH_SEARCH_PATHS = (
					"$(inherited)",
					"@executable_path/Frameworks",
				);
				PRODUCT_BUNDLE_IDENTIFIER = "com.bitbrill.gozio-weather";
				PRODUCT_NAME = "$(TARGET_NAME)";
				SWIFT_VERSION = 5.0;
				TARGETED_DEVICE_FAMILY = "1,2";
			};
			name = Debug;
		};
		37F3F99D22AC0A65007886D5 /* Release */ = {
			isa = XCBuildConfiguration;
			baseConfigurationReference = 8603A389CA8148E73B8FA945 /* Pods-gozio-weather.release.xcconfig */;
			buildSettings = {
				ASSETCATALOG_COMPILER_APPICON_NAME = AppIcon;
				CODE_SIGN_STYLE = Automatic;
				DEVELOPMENT_TEAM = U94RLG39QP;
				INFOPLIST_FILE = "gozio-weather/Info.plist";
				LD_RUNPATH_SEARCH_PATHS = (
					"$(inherited)",
					"@executable_path/Frameworks",
				);
				PRODUCT_BUNDLE_IDENTIFIER = "com.bitbrill.gozio-weather";
				PRODUCT_NAME = "$(TARGET_NAME)";
				SWIFT_VERSION = 5.0;
				TARGETED_DEVICE_FAMILY = "1,2";
			};
			name = Release;
		};
		37F3F99F22AC0A65007886D5 /* Debug */ = {
			isa = XCBuildConfiguration;
			buildSettings = {
				ALWAYS_EMBED_SWIFT_STANDARD_LIBRARIES = YES;
				BUNDLE_LOADER = "$(TEST_HOST)";
				CODE_SIGN_STYLE = Automatic;
				DEVELOPMENT_TEAM = NFK5GM28LW;
				INFOPLIST_FILE = "gozio-weatherTests/Info.plist";
				LD_RUNPATH_SEARCH_PATHS = (
					"$(inherited)",
					"@executable_path/Frameworks",
					"@loader_path/Frameworks",
				);
				PRODUCT_BUNDLE_IDENTIFIER = "com.bitbrill.gozio-weatherTests";
				PRODUCT_NAME = "$(TARGET_NAME)";
				SWIFT_VERSION = 5.0;
				TARGETED_DEVICE_FAMILY = "1,2";
				TEST_HOST = "$(BUILT_PRODUCTS_DIR)/gozio-weather.app/gozio-weather";
			};
			name = Debug;
		};
		37F3F9A022AC0A65007886D5 /* Release */ = {
			isa = XCBuildConfiguration;
			buildSettings = {
				ALWAYS_EMBED_SWIFT_STANDARD_LIBRARIES = YES;
				BUNDLE_LOADER = "$(TEST_HOST)";
				CODE_SIGN_STYLE = Automatic;
				DEVELOPMENT_TEAM = NFK5GM28LW;
				INFOPLIST_FILE = "gozio-weatherTests/Info.plist";
				LD_RUNPATH_SEARCH_PATHS = (
					"$(inherited)",
					"@executable_path/Frameworks",
					"@loader_path/Frameworks",
				);
				PRODUCT_BUNDLE_IDENTIFIER = "com.bitbrill.gozio-weatherTests";
				PRODUCT_NAME = "$(TARGET_NAME)";
				SWIFT_VERSION = 5.0;
				TARGETED_DEVICE_FAMILY = "1,2";
				TEST_HOST = "$(BUILT_PRODUCTS_DIR)/gozio-weather.app/gozio-weather";
			};
			name = Release;
		};
		37F3F9A222AC0A65007886D5 /* Debug */ = {
			isa = XCBuildConfiguration;
			buildSettings = {
				ALWAYS_EMBED_SWIFT_STANDARD_LIBRARIES = YES;
				CODE_SIGN_STYLE = Automatic;
				DEVELOPMENT_TEAM = NFK5GM28LW;
				INFOPLIST_FILE = "gozio-weatherUITests/Info.plist";
				LD_RUNPATH_SEARCH_PATHS = (
					"$(inherited)",
					"@executable_path/Frameworks",
					"@loader_path/Frameworks",
				);
				PRODUCT_BUNDLE_IDENTIFIER = "com.bitbrill.gozio-weatherUITests";
				PRODUCT_NAME = "$(TARGET_NAME)";
				SWIFT_VERSION = 5.0;
				TARGETED_DEVICE_FAMILY = "1,2";
				TEST_TARGET_NAME = "gozio-weather";
			};
			name = Debug;
		};
		37F3F9A322AC0A65007886D5 /* Release */ = {
			isa = XCBuildConfiguration;
			buildSettings = {
				ALWAYS_EMBED_SWIFT_STANDARD_LIBRARIES = YES;
				CODE_SIGN_STYLE = Automatic;
				DEVELOPMENT_TEAM = NFK5GM28LW;
				INFOPLIST_FILE = "gozio-weatherUITests/Info.plist";
				LD_RUNPATH_SEARCH_PATHS = (
					"$(inherited)",
					"@executable_path/Frameworks",
					"@loader_path/Frameworks",
				);
				PRODUCT_BUNDLE_IDENTIFIER = "com.bitbrill.gozio-weatherUITests";
				PRODUCT_NAME = "$(TARGET_NAME)";
				SWIFT_VERSION = 5.0;
				TARGETED_DEVICE_FAMILY = "1,2";
				TEST_TARGET_NAME = "gozio-weather";
			};
			name = Release;
		};
/* End XCBuildConfiguration section */

/* Begin XCConfigurationList section */
		37F3F96C22AC0A64007886D5 /* Build configuration list for PBXProject "gozio-weather" */ = {
			isa = XCConfigurationList;
			buildConfigurations = (
				37F3F99922AC0A65007886D5 /* Debug */,
				37F3F99A22AC0A65007886D5 /* Release */,
			);
			defaultConfigurationIsVisible = 0;
			defaultConfigurationName = Release;
		};
		37F3F99B22AC0A65007886D5 /* Build configuration list for PBXNativeTarget "gozio-weather" */ = {
			isa = XCConfigurationList;
			buildConfigurations = (
				37F3F99C22AC0A65007886D5 /* Debug */,
				37F3F99D22AC0A65007886D5 /* Release */,
			);
			defaultConfigurationIsVisible = 0;
			defaultConfigurationName = Release;
		};
		37F3F99E22AC0A65007886D5 /* Build configuration list for PBXNativeTarget "gozio-weatherTests" */ = {
			isa = XCConfigurationList;
			buildConfigurations = (
				37F3F99F22AC0A65007886D5 /* Debug */,
				37F3F9A022AC0A65007886D5 /* Release */,
			);
			defaultConfigurationIsVisible = 0;
			defaultConfigurationName = Release;
		};
		37F3F9A122AC0A65007886D5 /* Build configuration list for PBXNativeTarget "gozio-weatherUITests" */ = {
			isa = XCConfigurationList;
			buildConfigurations = (
				37F3F9A222AC0A65007886D5 /* Debug */,
				37F3F9A322AC0A65007886D5 /* Release */,
			);
			defaultConfigurationIsVisible = 0;
			defaultConfigurationName = Release;
		};
/* End XCConfigurationList section */
	};
	rootObject = 37F3F96922AC0A64007886D5 /* Project object */;
}
